
Microsoft Visual Studio Solution File, Format Version 12.00
# Visual Studio Version 17
VisualStudioVersion = 17.5.33424.131
MinimumVisualStudioVersion = 10.0.40219.1
Project("{FAE04EC0-301F-11D3-BF4B-00C04F79EFBC}") = "ShoppingListLab", "ShoppingListLab\ShoppingListLab.csproj", "{012C3473-9904-4564-A657-75B8D0C33A05}"
EndProject
Global
	GlobalSection(SolutionConfigurationPlatforms) = preSolution
		Debug|Any CPU = Debug|Any CPU
		Release|Any CPU = Release|Any CPU
	EndGlobalSection
	GlobalSection(ProjectConfigurationPlatforms) = postSolution
		{012C3473-9904-4564-A657-75B8D0C33A05}.Debug|Any CPU.ActiveCfg = Debug|Any CPU
		{012C3473-9904-4564-A657-75B8D0C33A05}.Debug|Any CPU.Build.0 = Debug|Any CPU
		{012C3473-9904-4564-A657-75B8D0C33A05}.Release|Any CPU.ActiveCfg = Release|Any CPU
		{012C3473-9904-4564-A657-75B8D0C33A05}.Release|Any CPU.Build.0 = Release|Any CPU
	EndGlobalSection
	GlobalSection(SolutionProperties) = preSolution
		HideSolutionNode = FALSE
	EndGlobalSection
	GlobalSection(ExtensibilityGlobals) = postSolution
		SolutionGuid = {2DD72AC4-EE1D-429B-9EC5-8B9E5E354327}
	EndGlobalSection
EndGlobal
